
Microsoft Visual Studio Solution File, Format Version 12.00
# Visual Studio Version 17
VisualStudioVersion = 17.9.34622.214
MinimumVisualStudioVersion = 10.0.40219.1
Project("{FAE04EC0-301F-11D3-BF4B-00C04F79EFBC}") = "PerfumeOnlineStore", "PerfumeOnlineStore\PerfumeOnlineStore.csproj", "{35D1856E-6F60-410D-99B2-6345A0E3B489}"
EndProject
Project("{FAE04EC0-301F-11D3-BF4B-00C04F79EFBC}") = "PerfumeOnlineStore_Core", "PerfumeOnlineStore_Core\PerfumeOnlineStore_Core.csproj", "{29BEBB30-8071-4F20-8DE9-B30C65AC8AC3}"
EndProject
Project("{FAE04EC0-301F-11D3-BF4B-00C04F79EFBC}") = "PerfumeOnlineStore_Infra", "PerfumeOnlineStore_Infra\PerfumeOnlineStore_Infra.csproj", "{461E3590-A636-4E2B-A6BE-B3F35E20246C}"
EndProject
Global
	GlobalSection(SolutionConfigurationPlatforms) = preSolution
		Debug|Any CPU = Debug|Any CPU
		Release|Any CPU = Release|Any CPU
	EndGlobalSection
	GlobalSection(ProjectConfigurationPlatforms) = postSolution
		{35D1856E-6F60-410D-99B2-6345A0E3B489}.Debug|Any CPU.ActiveCfg = Debug|Any CPU
		{35D1856E-6F60-410D-99B2-6345A0E3B489}.Debug|Any CPU.Build.0 = Debug|Any CPU
		{35D1856E-6F60-410D-99B2-6345A0E3B489}.Release|Any CPU.ActiveCfg = Release|Any CPU
		{35D1856E-6F60-410D-99B2-6345A0E3B489}.Release|Any CPU.Build.0 = Release|Any CPU
		{29BEBB30-8071-4F20-8DE9-B30C65AC8AC3}.Debug|Any CPU.ActiveCfg = Debug|Any CPU
		{29BEBB30-8071-4F20-8DE9-B30C65AC8AC3}.Debug|Any CPU.Build.0 = Debug|Any CPU
		{29BEBB30-8071-4F20-8DE9-B30C65AC8AC3}.Release|Any CPU.ActiveCfg = Release|Any CPU
		{29BEBB30-8071-4F20-8DE9-B30C65AC8AC3}.Release|Any CPU.Build.0 = Release|Any CPU
		{461E3590-A636-4E2B-A6BE-B3F35E20246C}.Debug|Any CPU.ActiveCfg = Debug|Any CPU
		{461E3590-A636-4E2B-A6BE-B3F35E20246C}.Debug|Any CPU.Build.0 = Debug|Any CPU
		{461E3590-A636-4E2B-A6BE-B3F35E20246C}.Release|Any CPU.ActiveCfg = Release|Any CPU
		{461E3590-A636-4E2B-A6BE-B3F35E20246C}.Release|Any CPU.Build.0 = Release|Any CPU
	EndGlobalSection
	GlobalSection(SolutionProperties) = preSolution
		HideSolutionNode = FALSE
	EndGlobalSection
	GlobalSection(ExtensibilityGlobals) = postSolution
		SolutionGuid = {EC797B08-4938-4FC7-AAB2-452EC988582A}
	EndGlobalSection
EndGlobal
